
Microsoft Visual Studio Solution File, Format Version 12.00
# Visual Studio Version 17
VisualStudioVersion = 17.11.35312.102
MinimumVisualStudioVersion = 10.0.40219.1
Project("{FAE04EC0-301F-11D3-BF4B-00C04F79EFBC}") = "DummyProject", "DummyProject\DummyProject.csproj", "{597176C4-BF24-403C-9B01-C5AC4828EB00}"
EndProject
Global
	GlobalSection(SolutionConfigurationPlatforms) = preSolution
		Debug|Any CPU = Debug|Any CPU
		Release|Any CPU = Release|Any CPU
	EndGlobalSection
	GlobalSection(ProjectConfigurationPlatforms) = postSolution
		{597176C4-BF24-403C-9B01-C5AC4828EB00}.Debug|Any CPU.ActiveCfg = Debug|Any CPU
		{597176C4-BF24-403C-9B01-C5AC4828EB00}.Debug|Any CPU.Build.0 = Debug|Any CPU
		{597176C4-BF24-403C-9B01-C5AC4828EB00}.Release|Any CPU.ActiveCfg = Release|Any CPU
		{597176C4-BF24-403C-9B01-C5AC4828EB00}.Release|Any CPU.Build.0 = Release|Any CPU
	EndGlobalSection
	GlobalSection(SolutionProperties) = preSolution
		HideSolutionNode = FALSE
	EndGlobalSection
	GlobalSection(ExtensibilityGlobals) = postSolution
		SolutionGuid = {1BC9E2F6-947A-4641-888F-E050D257E182}
	EndGlobalSection
EndGlobal
